
Microsoft Visual Studio Solution File, Format Version 12.00
#
Project("{2150E333-8FDC-42A3-9474-1A3956D46DE8}") = "src", "src", "{FAB27DDC-D115-4D05-AADD-76B9D597725B}"
EndProject
Project("{2150E333-8FDC-42A3-9474-1A3956D46DE8}") = "tests", "tests", "{9BCF23CD-9632-4543-9EA4-849A437E73EA}"
EndProject
Project("{FAE04EC0-301F-11D3-BF4B-00C04F79EFBC}") = "CQRS.UnitTests", "tests\CQRS.UnitTests\CQRS.UnitTests.csproj", "{538E3B58-A1B6-4E7D-BC8F-8E47A457FB9C}"
EndProject
Project("{FAE04EC0-301F-11D3-BF4B-00C04F79EFBC}") = "CQRS.Application", "src\CQRS.Application\CQRS.Application.csproj", "{BB951CAB-44BB-4649-A5E3-E49A975EE80F}"
EndProject
Project("{FAE04EC0-301F-11D3-BF4B-00C04F79EFBC}") = "CQRS.WebCli", "src\CQRS.WebCli\CQRS.WebCli.csproj", "{EB54B34C-5F11-41AC-8250-92A20446B5E3}"
EndProject
Project("{FAE04EC0-301F-11D3-BF4B-00C04F79EFBC}") = "CQRS.WebApi", "src\CQRS.WebApi\CQRS.WebApi.csproj", "{2394B606-80BD-4294-B991-5A1F1BD4D15A}"
EndProject
Project("{FAE04EC0-301F-11D3-BF4B-00C04F79EFBC}") = "CQRS.WebApp", "src\CQRS.WebApp\CQRS.WebApp.csproj", "{E4AC98F4-9019-4710-AC23-C409439F8737}"
EndProject
Project("{FAE04EC0-301F-11D3-BF4B-00C04F79EFBC}") = "CQRS.Worker", "src\CQRS.Worker\CQRS.Worker.csproj", "{39F3F0E9-F7AF-4B23-87BF-A8FD5C4BBD26}"
EndProject
Project("{FAE04EC0-301F-11D3-BF4B-00C04F79EFBC}") = "CQRS.IntegrationTests", "tests\CQRS.IntegrationTests\CQRS.IntegrationTests.csproj", "{5D21A655-CA24-43F2-BBC3-07563D3E889C}"
EndProject
Project("{FAE04EC0-301F-11D3-BF4B-00C04F79EFBC}") = "CQRS.Sandbox", "tests\CQRS.Sandbox\CQRS.Sandbox.csproj", "{B8EBCEEE-1FE6-4A83-836A-DCFC10915048}"
EndProject
Project("{FAE04EC0-301F-11D3-BF4B-00C04F79EFBC}") = "CQRS.Persistence", "src\CQRS.Persistence\CQRS.Persistence.csproj", "{F4EDFED9-5987-4471-BB12-A13A305558E7}"
EndProject
Project("{FAE04EC0-301F-11D3-BF4B-00C04F79EFBC}") = "CQRS.Infrastructure", "src\CQRS.Infrastructure\CQRS.Infrastructure.csproj", "{A00DABBF-FD1B-4E65-8C1B-5BB1239F603A}"
EndProject
Project("{FAE04EC0-301F-11D3-BF4B-00C04F79EFBC}") = "CQRS.Domain", "src\CQRS.Domain\CQRS.Domain.csproj", "{262C21F7-FA79-4DD7-99DF-2A000DF97A22}"
EndProject
Project("{FAE04EC0-301F-11D3-BF4B-00C04F79EFBC}") = "Jetpack.Extensions.Hosting", "..\Jetpack.Extensions.Hosting\src\Jetpack.Extensions.Hosting\Jetpack.Extensions.Hosting.csproj", "{BA777697-ED7B-47F2-A0DF-B73EB9BDC417}"
EndProject
Global
	GlobalSection(SolutionConfigurationPlatforms) = preSolution
		Debug|Any CPU = Debug|Any CPU
		Release|Any CPU = Release|Any CPU
	EndGlobalSection
	GlobalSection(ProjectConfigurationPlatforms) = postSolution
		{538E3B58-A1B6-4E7D-BC8F-8E47A457FB9C}.Debug|Any CPU.ActiveCfg = Debug|Any CPU
		{538E3B58-A1B6-4E7D-BC8F-8E47A457FB9C}.Debug|Any CPU.Build.0 = Debug|Any CPU
		{538E3B58-A1B6-4E7D-BC8F-8E47A457FB9C}.Release|Any CPU.ActiveCfg = Release|Any CPU
		{538E3B58-A1B6-4E7D-BC8F-8E47A457FB9C}.Release|Any CPU.Build.0 = Release|Any CPU
		{BB951CAB-44BB-4649-A5E3-E49A975EE80F}.Debug|Any CPU.ActiveCfg = Debug|Any CPU
		{BB951CAB-44BB-4649-A5E3-E49A975EE80F}.Debug|Any CPU.Build.0 = Debug|Any CPU
		{BB951CAB-44BB-4649-A5E3-E49A975EE80F}.Release|Any CPU.ActiveCfg = Release|Any CPU
		{BB951CAB-44BB-4649-A5E3-E49A975EE80F}.Release|Any CPU.Build.0 = Release|Any CPU
		{EB54B34C-5F11-41AC-8250-92A20446B5E3}.Debug|Any CPU.ActiveCfg = Debug|Any CPU
		{EB54B34C-5F11-41AC-8250-92A20446B5E3}.Debug|Any CPU.Build.0 = Debug|Any CPU
		{EB54B34C-5F11-41AC-8250-92A20446B5E3}.Release|Any CPU.ActiveCfg = Release|Any CPU
		{EB54B34C-5F11-41AC-8250-92A20446B5E3}.Release|Any CPU.Build.0 = Release|Any CPU
		{2394B606-80BD-4294-B991-5A1F1BD4D15A}.Debug|Any CPU.ActiveCfg = Debug|Any CPU
		{2394B606-80BD-4294-B991-5A1F1BD4D15A}.Debug|Any CPU.Build.0 = Debug|Any CPU
		{2394B606-80BD-4294-B991-5A1F1BD4D15A}.Release|Any CPU.ActiveCfg = Release|Any CPU
		{2394B606-80BD-4294-B991-5A1F1BD4D15A}.Release|Any CPU.Build.0 = Release|Any CPU
		{E4AC98F4-9019-4710-AC23-C409439F8737}.Debug|Any CPU.ActiveCfg = Debug|Any CPU
		{E4AC98F4-9019-4710-AC23-C409439F8737}.Debug|Any CPU.Build.0 = Debug|Any CPU
		{E4AC98F4-9019-4710-AC23-C409439F8737}.Release|Any CPU.ActiveCfg = Release|Any CPU
		{E4AC98F4-9019-4710-AC23-C409439F8737}.Release|Any CPU.Build.0 = Release|Any CPU
		{39F3F0E9-F7AF-4B23-87BF-A8FD5C4BBD26}.Debug|Any CPU.ActiveCfg = Debug|Any CPU
		{39F3F0E9-F7AF-4B23-87BF-A8FD5C4BBD26}.Debug|Any CPU.Build.0 = Debug|Any CPU
		{39F3F0E9-F7AF-4B23-87BF-A8FD5C4BBD26}.Release|Any CPU.ActiveCfg = Release|Any CPU
		{39F3F0E9-F7AF-4B23-87BF-A8FD5C4BBD26}.Release|Any CPU.Build.0 = Release|Any CPU
		{5D21A655-CA24-43F2-BBC3-07563D3E889C}.Debug|Any CPU.ActiveCfg = Debug|Any CPU
		{5D21A655-CA24-43F2-BBC3-07563D3E889C}.Debug|Any CPU.Build.0 = Debug|Any CPU
		{5D21A655-CA24-43F2-BBC3-07563D3E889C}.Release|Any CPU.ActiveCfg = Release|Any CPU
		{5D21A655-CA24-43F2-BBC3-07563D3E889C}.Release|Any CPU.Build.0 = Release|Any CPU
		{B8EBCEEE-1FE6-4A83-836A-DCFC10915048}.Debug|Any CPU.ActiveCfg = Debug|Any CPU
		{B8EBCEEE-1FE6-4A83-836A-DCFC10915048}.Debug|Any CPU.Build.0 = Debug|Any CPU
		{B8EBCEEE-1FE6-4A83-836A-DCFC10915048}.Release|Any CPU.ActiveCfg = Release|Any CPU
		{B8EBCEEE-1FE6-4A83-836A-DCFC10915048}.Release|Any CPU.Build.0 = Release|Any CPU
		{F4EDFED9-5987-4471-BB12-A13A305558E7}.Debug|Any CPU.ActiveCfg = Debug|Any CPU
		{F4EDFED9-5987-4471-BB12-A13A305558E7}.Debug|Any CPU.Build.0 = Debug|Any CPU
		{F4EDFED9-5987-4471-BB12-A13A305558E7}.Release|Any CPU.ActiveCfg = Release|Any CPU
		{F4EDFED9-5987-4471-BB12-A13A305558E7}.Release|Any CPU.Build.0 = Release|Any CPU
		{A00DABBF-FD1B-4E65-8C1B-5BB1239F603A}.Debug|Any CPU.ActiveCfg = Debug|Any CPU
		{A00DABBF-FD1B-4E65-8C1B-5BB1239F603A}.Debug|Any CPU.Build.0 = Debug|Any CPU
		{A00DABBF-FD1B-4E65-8C1B-5BB1239F603A}.Release|Any CPU.ActiveCfg = Release|Any CPU
		{A00DABBF-FD1B-4E65-8C1B-5BB1239F603A}.Release|Any CPU.Build.0 = Release|Any CPU
		{262C21F7-FA79-4DD7-99DF-2A000DF97A22}.Debug|Any CPU.ActiveCfg = Debug|Any CPU
		{262C21F7-FA79-4DD7-99DF-2A000DF97A22}.Debug|Any CPU.Build.0 = Debug|Any CPU
		{262C21F7-FA79-4DD7-99DF-2A000DF97A22}.Release|Any CPU.ActiveCfg = Release|Any CPU
		{262C21F7-FA79-4DD7-99DF-2A000DF97A22}.Release|Any CPU.Build.0 = Release|Any CPU
		{BA777697-ED7B-47F2-A0DF-B73EB9BDC417}.Debug|Any CPU.ActiveCfg = Debug|Any CPU
		{BA777697-ED7B-47F2-A0DF-B73EB9BDC417}.Debug|Any CPU.Build.0 = Debug|Any CPU
		{BA777697-ED7B-47F2-A0DF-B73EB9BDC417}.Release|Any CPU.ActiveCfg = Release|Any CPU
		{BA777697-ED7B-47F2-A0DF-B73EB9BDC417}.Release|Any CPU.Build.0 = Release|Any CPU
	EndGlobalSection
	GlobalSection(NestedProjects) = preSolution
		{538E3B58-A1B6-4E7D-BC8F-8E47A457FB9C} = {9BCF23CD-9632-4543-9EA4-849A437E73EA}
		{BB951CAB-44BB-4649-A5E3-E49A975EE80F} = {FAB27DDC-D115-4D05-AADD-76B9D597725B}
		{EB54B34C-5F11-41AC-8250-92A20446B5E3} = {FAB27DDC-D115-4D05-AADD-76B9D597725B}
		{2394B606-80BD-4294-B991-5A1F1BD4D15A} = {FAB27DDC-D115-4D05-AADD-76B9D597725B}
		{E4AC98F4-9019-4710-AC23-C409439F8737} = {FAB27DDC-D115-4D05-AADD-76B9D597725B}
		{39F3F0E9-F7AF-4B23-87BF-A8FD5C4BBD26} = {FAB27DDC-D115-4D05-AADD-76B9D597725B}
		{5D21A655-CA24-43F2-BBC3-07563D3E889C} = {9BCF23CD-9632-4543-9EA4-849A437E73EA}
		{B8EBCEEE-1FE6-4A83-836A-DCFC10915048} = {9BCF23CD-9632-4543-9EA4-849A437E73EA}
		{F4EDFED9-5987-4471-BB12-A13A305558E7} = {FAB27DDC-D115-4D05-AADD-76B9D597725B}
		{A00DABBF-FD1B-4E65-8C1B-5BB1239F603A} = {FAB27DDC-D115-4D05-AADD-76B9D597725B}
		{262C21F7-FA79-4DD7-99DF-2A000DF97A22} = {FAB27DDC-D115-4D05-AADD-76B9D597725B}
		{BA777697-ED7B-47F2-A0DF-B73EB9BDC417} = {FAB27DDC-D115-4D05-AADD-76B9D597725B}
	EndGlobalSection
EndGlobal
